
Microsoft Visual Studio Solution File, Format Version 12.00
# Visual Studio Version 17
VisualStudioVersion = 17.0.31903.59
MinimumVisualStudioVersion = 10.0.40219.1
Project("{2150E333-8FDC-42A3-9474-1A3956D46DE8}") = "src", "src", "{4BD93BA5-87C8-4FBD-A271-2512628DEAF8}"
EndProject
Project("{FAE04EC0-301F-11D3-BF4B-00C04F79EFBC}") = "ZP.Git", "src\ZP.Git\ZP.Git.csproj", "{E027B8F3-E30A-49BC-8D0E-1329BAAB26EA}"
EndProject
Global
	GlobalSection(SolutionConfigurationPlatforms) = preSolution
		Debug|Any CPU = Debug|Any CPU
		Release|Any CPU = Release|Any CPU
	EndGlobalSection
	GlobalSection(SolutionProperties) = preSolution
		HideSolutionNode = FALSE
	EndGlobalSection
	GlobalSection(ProjectConfigurationPlatforms) = postSolution
		{E027B8F3-E30A-49BC-8D0E-1329BAAB26EA}.Debug|Any CPU.ActiveCfg = Debug|Any CPU
		{E027B8F3-E30A-49BC-8D0E-1329BAAB26EA}.Debug|Any CPU.Build.0 = Debug|Any CPU
		{E027B8F3-E30A-49BC-8D0E-1329BAAB26EA}.Release|Any CPU.ActiveCfg = Release|Any CPU
		{E027B8F3-E30A-49BC-8D0E-1329BAAB26EA}.Release|Any CPU.Build.0 = Release|Any CPU
	EndGlobalSection
	GlobalSection(NestedProjects) = preSolution
		{E027B8F3-E30A-49BC-8D0E-1329BAAB26EA} = {4BD93BA5-87C8-4FBD-A271-2512628DEAF8}
	EndGlobalSection
EndGlobal
